
Microsoft Visual Studio Solution File, Format Version 12.00
# Visual Studio 14
VisualStudioVersion = 14.0.25420.1
MinimumVisualStudioVersion = 10.0.40219.1
Project("{2150E333-8FDC-42A3-9474-1A3956D46DE8}") = "src", "src", "{53219239-D98B-47CA-9150-4A451A520929}"
EndProject
Project("{2150E333-8FDC-42A3-9474-1A3956D46DE8}") = "Solution Items", "Solution Items", "{1C7EA934-A015-42EF-AD3F-02A1A6E86200}"
	ProjectSection(SolutionItems) = preProject
		global.json = global.json
	EndProjectSection
EndProject
Project("{8BB2217D-0F2D-49D1-97BC-3654ED321F3B}") = "Assignment2", "src\Assignment1\Assignment2.xproj", "{C70CA8D9-5078-422F-8D6D-E5B08DE359C8}"
EndProject
Global
	GlobalSection(SolutionConfigurationPlatforms) = preSolution
		Debug|Any CPU = Debug|Any CPU
		Release|Any CPU = Release|Any CPU
	EndGlobalSection
	GlobalSection(ProjectConfigurationPlatforms) = postSolution
		{C70CA8D9-5078-422F-8D6D-E5B08DE359C8}.Debug|Any CPU.ActiveCfg = Debug|Any CPU
		{C70CA8D9-5078-422F-8D6D-E5B08DE359C8}.Debug|Any CPU.Build.0 = Debug|Any CPU
		{C70CA8D9-5078-422F-8D6D-E5B08DE359C8}.Release|Any CPU.ActiveCfg = Release|Any CPU
		{C70CA8D9-5078-422F-8D6D-E5B08DE359C8}.Release|Any CPU.Build.0 = Release|Any CPU
	EndGlobalSection
	GlobalSection(SolutionProperties) = preSolution
		HideSolutionNode = FALSE
	EndGlobalSection
	GlobalSection(NestedProjects) = preSolution
		{C70CA8D9-5078-422F-8D6D-E5B08DE359C8} = {53219239-D98B-47CA-9150-4A451A520929}
	EndGlobalSection
EndGlobal
